
Microsoft Visual Studio Solution File, Format Version 12.00
# Visual Studio 14
VisualStudioVersion = 14.0.25420.1
MinimumVisualStudioVersion = 10.0.40219.1
Project("{8BB2217D-0F2D-49D1-97BC-3654ED321F3B}") = "ProjectLife", "ProjectLife.xproj", "{B6671C88-8E80-4B99-A54F-627D55D01537}"
EndProject
Project("{FAE04EC0-301F-11D3-BF4B-00C04F79EFBC}") = "ProjectLife.Mobile", "..\ProjectLife.Mobile\ProjectLife.Mobile\ProjectLife.Mobile.csproj", "{021F3B37-D426-4288-915E-F1D300AF4AA8}"
EndProject
Project("{FAE04EC0-301F-11D3-BF4B-00C04F79EFBC}") = "ProjectLife.Mobile.Droid", "..\ProjectLife.Mobile\ProjectLife.Mobile.Droid\ProjectLife.Mobile.Droid.csproj", "{0DAC6668-F283-4D94-A812-CDF38A553F43}"
EndProject
Project("{FAE04EC0-301F-11D3-BF4B-00C04F79EFBC}") = "ProjectLife.Mobile.iOS", "..\ProjectLife.Mobile\ProjectLife.Mobile.iOS\ProjectLife.Mobile.iOS.csproj", "{642D858B-23A9-4269-93D1-31EB92EEEED3}"
EndProject
Project("{FAE04EC0-301F-11D3-BF4B-00C04F79EFBC}") = "ProjectLifeWcf", "ProjectLifeWcf\ProjectLifeWcf.csproj", "{4B919577-494B-4D7F-9172-A4E2E1CFBD0F}"
EndProject
Global
	GlobalSection(SolutionConfigurationPlatforms) = preSolution
		Ad-Hoc|Any CPU = Ad-Hoc|Any CPU
		Ad-Hoc|iPhone = Ad-Hoc|iPhone
		Ad-Hoc|iPhoneSimulator = Ad-Hoc|iPhoneSimulator
		AppStore|Any CPU = AppStore|Any CPU
		AppStore|iPhone = AppStore|iPhone
		AppStore|iPhoneSimulator = AppStore|iPhoneSimulator
		Debug|Any CPU = Debug|Any CPU
		Debug|iPhone = Debug|iPhone
		Debug|iPhoneSimulator = Debug|iPhoneSimulator
		Release|Any CPU = Release|Any CPU
		Release|iPhone = Release|iPhone
		Release|iPhoneSimulator = Release|iPhoneSimulator
	EndGlobalSection
	GlobalSection(ProjectConfigurationPlatforms) = postSolution
		{B6671C88-8E80-4B99-A54F-627D55D01537}.Ad-Hoc|Any CPU.ActiveCfg = Release|Any CPU
		{B6671C88-8E80-4B99-A54F-627D55D01537}.Ad-Hoc|Any CPU.Build.0 = Release|Any CPU
		{B6671C88-8E80-4B99-A54F-627D55D01537}.Ad-Hoc|iPhone.ActiveCfg = Release|Any CPU
		{B6671C88-8E80-4B99-A54F-627D55D01537}.Ad-Hoc|iPhone.Build.0 = Release|Any CPU
		{B6671C88-8E80-4B99-A54F-627D55D01537}.Ad-Hoc|iPhoneSimulator.ActiveCfg = Release|Any CPU
		{B6671C88-8E80-4B99-A54F-627D55D01537}.Ad-Hoc|iPhoneSimulator.Build.0 = Release|Any CPU
		{B6671C88-8E80-4B99-A54F-627D55D01537}.AppStore|Any CPU.ActiveCfg = Release|Any CPU
		{B6671C88-8E80-4B99-A54F-627D55D01537}.AppStore|Any CPU.Build.0 = Release|Any CPU
		{B6671C88-8E80-4B99-A54F-627D55D01537}.AppStore|iPhone.ActiveCfg = Release|Any CPU
		{B6671C88-8E80-4B99-A54F-627D55D01537}.AppStore|iPhone.Build.0 = Release|Any CPU
		{B6671C88-8E80-4B99-A54F-627D55D01537}.AppStore|iPhoneSimulator.ActiveCfg = Release|Any CPU
		{B6671C88-8E80-4B99-A54F-627D55D01537}.AppStore|iPhoneSimulator.Build.0 = Release|Any CPU
		{B6671C88-8E80-4B99-A54F-627D55D01537}.Debug|Any CPU.ActiveCfg = Debug|Any CPU
		{B6671C88-8E80-4B99-A54F-627D55D01537}.Debug|Any CPU.Build.0 = Debug|Any CPU
		{B6671C88-8E80-4B99-A54F-627D55D01537}.Debug|iPhone.ActiveCfg = Debug|Any CPU
		{B6671C88-8E80-4B99-A54F-627D55D01537}.Debug|iPhone.Build.0 = Debug|Any CPU
		{B6671C88-8E80-4B99-A54F-627D55D01537}.Debug|iPhoneSimulator.ActiveCfg = Debug|Any CPU
		{B6671C88-8E80-4B99-A54F-627D55D01537}.Debug|iPhoneSimulator.Build.0 = Debug|Any CPU
		{B6671C88-8E80-4B99-A54F-627D55D01537}.Release|Any CPU.ActiveCfg = Release|Any CPU
		{B6671C88-8E80-4B99-A54F-627D55D01537}.Release|Any CPU.Build.0 = Release|Any CPU
		{B6671C88-8E80-4B99-A54F-627D55D01537}.Release|iPhone.ActiveCfg = Release|Any CPU
		{B6671C88-8E80-4B99-A54F-627D55D01537}.Release|iPhone.Build.0 = Release|Any CPU
		{B6671C88-8E80-4B99-A54F-627D55D01537}.Release|iPhoneSimulator.ActiveCfg = Release|Any CPU
		{B6671C88-8E80-4B99-A54F-627D55D01537}.Release|iPhoneSimulator.Build.0 = Release|Any CPU
		{021F3B37-D426-4288-915E-F1D300AF4AA8}.Ad-Hoc|Any CPU.ActiveCfg = Release|Any CPU
		{021F3B37-D426-4288-915E-F1D300AF4AA8}.Ad-Hoc|Any CPU.Build.0 = Release|Any CPU
		{021F3B37-D426-4288-915E-F1D300AF4AA8}.Ad-Hoc|iPhone.ActiveCfg = Release|Any CPU
		{021F3B37-D426-4288-915E-F1D300AF4AA8}.Ad-Hoc|iPhone.Build.0 = Release|Any CPU
		{021F3B37-D426-4288-915E-F1D300AF4AA8}.Ad-Hoc|iPhoneSimulator.ActiveCfg = Release|Any CPU
		{021F3B37-D426-4288-915E-F1D300AF4AA8}.Ad-Hoc|iPhoneSimulator.Build.0 = Release|Any CPU
		{021F3B37-D426-4288-915E-F1D300AF4AA8}.AppStore|Any CPU.ActiveCfg = Release|Any CPU
		{021F3B37-D426-4288-915E-F1D300AF4AA8}.AppStore|Any CPU.Build.0 = Release|Any CPU
		{021F3B37-D426-4288-915E-F1D300AF4AA8}.AppStore|iPhone.ActiveCfg = Release|Any CPU
		{021F3B37-D426-4288-915E-F1D300AF4AA8}.AppStore|iPhone.Build.0 = Release|Any CPU
		{021F3B37-D426-4288-915E-F1D300AF4AA8}.AppStore|iPhoneSimulator.ActiveCfg = Release|Any CPU
		{021F3B37-D426-4288-915E-F1D300AF4AA8}.AppStore|iPhoneSimulator.Build.0 = Release|Any CPU
		{021F3B37-D426-4288-915E-F1D300AF4AA8}.Debug|Any CPU.ActiveCfg = Debug|Any CPU
		{021F3B37-D426-4288-915E-F1D300AF4AA8}.Debug|Any CPU.Build.0 = Debug|Any CPU
		{021F3B37-D426-4288-915E-F1D300AF4AA8}.Debug|iPhone.ActiveCfg = Debug|Any CPU
		{021F3B37-D426-4288-915E-F1D300AF4AA8}.Debug|iPhone.Build.0 = Debug|Any CPU
		{021F3B37-D426-4288-915E-F1D300AF4AA8}.Debug|iPhoneSimulator.ActiveCfg = Debug|Any CPU
		{021F3B37-D426-4288-915E-F1D300AF4AA8}.Debug|iPhoneSimulator.Build.0 = Debug|Any CPU
		{021F3B37-D426-4288-915E-F1D300AF4AA8}.Release|Any CPU.ActiveCfg = Release|Any CPU
		{021F3B37-D426-4288-915E-F1D300AF4AA8}.Release|Any CPU.Build.0 = Release|Any CPU
		{021F3B37-D426-4288-915E-F1D300AF4AA8}.Release|iPhone.ActiveCfg = Release|Any CPU
		{021F3B37-D426-4288-915E-F1D300AF4AA8}.Release|iPhone.Build.0 = Release|Any CPU
		{021F3B37-D426-4288-915E-F1D300AF4AA8}.Release|iPhoneSimulator.ActiveCfg = Release|Any CPU
		{021F3B37-D426-4288-915E-F1D300AF4AA8}.Release|iPhoneSimulator.Build.0 = Release|Any CPU
		{0DAC6668-F283-4D94-A812-CDF38A553F43}.Ad-Hoc|Any CPU.ActiveCfg = Release|Any CPU
		{0DAC6668-F283-4D94-A812-CDF38A553F43}.Ad-Hoc|Any CPU.Build.0 = Release|Any CPU
		{0DAC6668-F283-4D94-A812-CDF38A553F43}.Ad-Hoc|Any CPU.Deploy.0 = Release|Any CPU
		{0DAC6668-F283-4D94-A812-CDF38A553F43}.Ad-Hoc|iPhone.ActiveCfg = Release|Any CPU
		{0DAC6668-F283-4D94-A812-CDF38A553F43}.Ad-Hoc|iPhone.Build.0 = Release|Any CPU
		{0DAC6668-F283-4D94-A812-CDF38A553F43}.Ad-Hoc|iPhone.Deploy.0 = Release|Any CPU
		{0DAC6668-F283-4D94-A812-CDF38A553F43}.Ad-Hoc|iPhoneSimulator.ActiveCfg = Release|Any CPU
		{0DAC6668-F283-4D94-A812-CDF38A553F43}.Ad-Hoc|iPhoneSimulator.Build.0 = Release|Any CPU
		{0DAC6668-F283-4D94-A812-CDF38A553F43}.Ad-Hoc|iPhoneSimulator.Deploy.0 = Release|Any CPU
		{0DAC6668-F283-4D94-A812-CDF38A553F43}.AppStore|Any CPU.ActiveCfg = Release|Any CPU
		{0DAC6668-F283-4D94-A812-CDF38A553F43}.AppStore|Any CPU.Build.0 = Release|Any CPU
		{0DAC6668-F283-4D94-A812-CDF38A553F43}.AppStore|Any CPU.Deploy.0 = Release|Any CPU
		{0DAC6668-F283-4D94-A812-CDF38A553F43}.AppStore|iPhone.ActiveCfg = Release|Any CPU
		{0DAC6668-F283-4D94-A812-CDF38A553F43}.AppStore|iPhone.Build.0 = Release|Any CPU
		{0DAC6668-F283-4D94-A812-CDF38A553F43}.AppStore|iPhone.Deploy.0 = Release|Any CPU
		{0DAC6668-F283-4D94-A812-CDF38A553F43}.AppStore|iPhoneSimulator.ActiveCfg = Release|Any CPU
		{0DAC6668-F283-4D94-A812-CDF38A553F43}.AppStore|iPhoneSimulator.Build.0 = Release|Any CPU
		{0DAC6668-F283-4D94-A812-CDF38A553F43}.AppStore|iPhoneSimulator.Deploy.0 = Release|Any CPU
		{0DAC6668-F283-4D94-A812-CDF38A553F43}.Debug|Any CPU.ActiveCfg = Debug|Any CPU
		{0DAC6668-F283-4D94-A812-CDF38A553F43}.Debug|Any CPU.Build.0 = Debug|Any CPU
		{0DAC6668-F283-4D94-A812-CDF38A553F43}.Debug|Any CPU.Deploy.0 = Debug|Any CPU
		{0DAC6668-F283-4D94-A812-CDF38A553F43}.Debug|iPhone.ActiveCfg = Debug|Any CPU
		{0DAC6668-F283-4D94-A812-CDF38A553F43}.Debug|iPhone.Build.0 = Debug|Any CPU
		{0DAC6668-F283-4D94-A812-CDF38A553F43}.Debug|iPhone.Deploy.0 = Debug|Any CPU
		{0DAC6668-F283-4D94-A812-CDF38A553F43}.Debug|iPhoneSimulator.ActiveCfg = Debug|Any CPU
		{0DAC6668-F283-4D94-A812-CDF38A553F43}.Debug|iPhoneSimulator.Build.0 = Debug|Any CPU
		{0DAC6668-F283-4D94-A812-CDF38A553F43}.Debug|iPhoneSimulator.Deploy.0 = Debug|Any CPU
		{0DAC6668-F283-4D94-A812-CDF38A553F43}.Release|Any CPU.ActiveCfg = Release|Any CPU
		{0DAC6668-F283-4D94-A812-CDF38A553F43}.Release|Any CPU.Build.0 = Release|Any CPU
		{0DAC6668-F283-4D94-A812-CDF38A553F43}.Release|Any CPU.Deploy.0 = Release|Any CPU
		{0DAC6668-F283-4D94-A812-CDF38A553F43}.Release|iPhone.ActiveCfg = Release|Any CPU
		{0DAC6668-F283-4D94-A812-CDF38A553F43}.Release|iPhone.Build.0 = Release|Any CPU
		{0DAC6668-F283-4D94-A812-CDF38A553F43}.Release|iPhone.Deploy.0 = Release|Any CPU
		{0DAC6668-F283-4D94-A812-CDF38A553F43}.Release|iPhoneSimulator.ActiveCfg = Release|Any CPU
		{0DAC6668-F283-4D94-A812-CDF38A553F43}.Release|iPhoneSimulator.Build.0 = Release|Any CPU
		{0DAC6668-F283-4D94-A812-CDF38A553F43}.Release|iPhoneSimulator.Deploy.0 = Release|Any CPU
		{642D858B-23A9-4269-93D1-31EB92EEEED3}.Ad-Hoc|Any CPU.ActiveCfg = Ad-Hoc|iPhone
		{642D858B-23A9-4269-93D1-31EB92EEEED3}.Ad-Hoc|iPhone.ActiveCfg = Ad-Hoc|iPhone
		{642D858B-23A9-4269-93D1-31EB92EEEED3}.Ad-Hoc|iPhone.Build.0 = Ad-Hoc|iPhone
		{642D858B-23A9-4269-93D1-31EB92EEEED3}.Ad-Hoc|iPhoneSimulator.ActiveCfg = Ad-Hoc|iPhoneSimulator
		{642D858B-23A9-4269-93D1-31EB92EEEED3}.Ad-Hoc|iPhoneSimulator.Build.0 = Ad-Hoc|iPhoneSimulator
		{642D858B-23A9-4269-93D1-31EB92EEEED3}.AppStore|Any CPU.ActiveCfg = AppStore|iPhone
		{642D858B-23A9-4269-93D1-31EB92EEEED3}.AppStore|iPhone.ActiveCfg = AppStore|iPhone
		{642D858B-23A9-4269-93D1-31EB92EEEED3}.AppStore|iPhone.Build.0 = AppStore|iPhone
		{642D858B-23A9-4269-93D1-31EB92EEEED3}.AppStore|iPhoneSimulator.ActiveCfg = AppStore|iPhoneSimulator
		{642D858B-23A9-4269-93D1-31EB92EEEED3}.AppStore|iPhoneSimulator.Build.0 = AppStore|iPhoneSimulator
		{642D858B-23A9-4269-93D1-31EB92EEEED3}.Debug|Any CPU.ActiveCfg = Debug|iPhone
		{642D858B-23A9-4269-93D1-31EB92EEEED3}.Debug|iPhone.ActiveCfg = Debug|iPhone
		{642D858B-23A9-4269-93D1-31EB92EEEED3}.Debug|iPhone.Build.0 = Debug|iPhone
		{642D858B-23A9-4269-93D1-31EB92EEEED3}.Debug|iPhoneSimulator.ActiveCfg = Debug|iPhoneSimulator
		{642D858B-23A9-4269-93D1-31EB92EEEED3}.Debug|iPhoneSimulator.Build.0 = Debug|iPhoneSimulator
		{642D858B-23A9-4269-93D1-31EB92EEEED3}.Release|Any CPU.ActiveCfg = Release|iPhone
		{642D858B-23A9-4269-93D1-31EB92EEEED3}.Release|iPhone.ActiveCfg = Release|iPhone
		{642D858B-23A9-4269-93D1-31EB92EEEED3}.Release|iPhone.Build.0 = Release|iPhone
		{642D858B-23A9-4269-93D1-31EB92EEEED3}.Release|iPhoneSimulator.ActiveCfg = Release|iPhoneSimulator
		{642D858B-23A9-4269-93D1-31EB92EEEED3}.Release|iPhoneSimulator.Build.0 = Release|iPhoneSimulator
		{4B919577-494B-4D7F-9172-A4E2E1CFBD0F}.Ad-Hoc|Any CPU.ActiveCfg = Release|Any CPU
		{4B919577-494B-4D7F-9172-A4E2E1CFBD0F}.Ad-Hoc|Any CPU.Build.0 = Release|Any CPU
		{4B919577-494B-4D7F-9172-A4E2E1CFBD0F}.Ad-Hoc|iPhone.ActiveCfg = Release|Any CPU
		{4B919577-494B-4D7F-9172-A4E2E1CFBD0F}.Ad-Hoc|iPhone.Build.0 = Release|Any CPU
		{4B919577-494B-4D7F-9172-A4E2E1CFBD0F}.Ad-Hoc|iPhoneSimulator.ActiveCfg = Release|Any CPU
		{4B919577-494B-4D7F-9172-A4E2E1CFBD0F}.Ad-Hoc|iPhoneSimulator.Build.0 = Release|Any CPU
		{4B919577-494B-4D7F-9172-A4E2E1CFBD0F}.AppStore|Any CPU.ActiveCfg = Release|Any CPU
		{4B919577-494B-4D7F-9172-A4E2E1CFBD0F}.AppStore|Any CPU.Build.0 = Release|Any CPU
		{4B919577-494B-4D7F-9172-A4E2E1CFBD0F}.AppStore|iPhone.ActiveCfg = Release|Any CPU
		{4B919577-494B-4D7F-9172-A4E2E1CFBD0F}.AppStore|iPhone.Build.0 = Release|Any CPU
		{4B919577-494B-4D7F-9172-A4E2E1CFBD0F}.AppStore|iPhoneSimulator.ActiveCfg = Release|Any CPU
		{4B919577-494B-4D7F-9172-A4E2E1CFBD0F}.AppStore|iPhoneSimulator.Build.0 = Release|Any CPU
		{4B919577-494B-4D7F-9172-A4E2E1CFBD0F}.Debug|Any CPU.ActiveCfg = Debug|Any CPU
		{4B919577-494B-4D7F-9172-A4E2E1CFBD0F}.Debug|Any CPU.Build.0 = Debug|Any CPU
		{4B919577-494B-4D7F-9172-A4E2E1CFBD0F}.Debug|iPhone.ActiveCfg = Debug|Any CPU
		{4B919577-494B-4D7F-9172-A4E2E1CFBD0F}.Debug|iPhone.Build.0 = Debug|Any CPU
		{4B919577-494B-4D7F-9172-A4E2E1CFBD0F}.Debug|iPhoneSimulator.ActiveCfg = Debug|Any CPU
		{4B919577-494B-4D7F-9172-A4E2E1CFBD0F}.Debug|iPhoneSimulator.Build.0 = Debug|Any CPU
		{4B919577-494B-4D7F-9172-A4E2E1CFBD0F}.Release|Any CPU.ActiveCfg = Release|Any CPU
		{4B919577-494B-4D7F-9172-A4E2E1CFBD0F}.Release|Any CPU.Build.0 = Release|Any CPU
		{4B919577-494B-4D7F-9172-A4E2E1CFBD0F}.Release|iPhone.ActiveCfg = Release|Any CPU
		{4B919577-494B-4D7F-9172-A4E2E1CFBD0F}.Release|iPhone.Build.0 = Release|Any CPU
		{4B919577-494B-4D7F-9172-A4E2E1CFBD0F}.Release|iPhoneSimulator.ActiveCfg = Release|Any CPU
		{4B919577-494B-4D7F-9172-A4E2E1CFBD0F}.Release|iPhoneSimulator.Build.0 = Release|Any CPU
	EndGlobalSection
	GlobalSection(SolutionProperties) = preSolution
		HideSolutionNode = FALSE
	EndGlobalSection
EndGlobal
